
Microsoft Visual Studio Solution File, Format Version 12.00
# Visual Studio Version 16
VisualStudioVersion = 16.0.29911.84
MinimumVisualStudioVersion = 10.0.40219.1
Project("{2150E333-8FDC-42A3-9474-1A3956D46DE8}") = "Solution Items", "Solution Items", "{F4828863-CAE8-4127-907E-4F4877BE5C53}"
	ProjectSection(SolutionItems) = preProject
		.gitignore = .gitignore
		docker-compose.yml = docker-compose.yml
		Dockerfile = Dockerfile
		README.md = README.md
	EndProjectSection
EndProject
Project("{9A19103F-16F7-4668-BE54-9A1E7A4F7556}") = "Globe.BusinessLogic", "Globe.BusinessLogic\Globe.BusinessLogic.csproj", "{88D82659-C23D-45E0-919A-CC9EC1CE7C27}"
EndProject
Project("{9A19103F-16F7-4668-BE54-9A1E7A4F7556}") = "Globe.Infrastructure.EFCore", "Globe.Infrastructure.EFCore\Globe.Infrastructure.EFCore.csproj", "{76CD467F-36CD-4CF5-BB06-62F9875BD0F4}"
EndProject
Project("{9A19103F-16F7-4668-BE54-9A1E7A4F7556}") = "Globe.Tests", "Globe.Tests\Globe.Tests.csproj", "{2B0DA146-6EA1-4F09-9CF3-60D44DBE8023}"
EndProject
Project("{2150E333-8FDC-42A3-9474-1A3956D46DE8}") = "Tests", "Tests", "{C6EEB1EE-9093-4AAC-AF2A-80E1777580AE}"
EndProject
Project("{9A19103F-16F7-4668-BE54-9A1E7A4F7556}") = "Globe.ResourceServer", "Globe.ResourceServer\Globe.ResourceServer.csproj", "{71A70C74-4C8E-40F3-B675-3B5F60FFF4E7}"
EndProject
Project("{9A19103F-16F7-4668-BE54-9A1E7A4F7556}") = "Globe.ResourceServer.Tests", "Globe.ResourceServer.Tests\Globe.ResourceServer.Tests.csproj", "{EB8EBF1A-D278-427C-9D95-C93FD60A748F}"
EndProject
Project("{2150E333-8FDC-42A3-9474-1A3956D46DE8}") = "IdentityAdministrativeDashboard", "IdentityAdministrativeDashboard", "{D9403D38-EC53-4B3C-A16E-821367E232CD}"
	ProjectSection(SolutionItems) = preProject
		Globe.Client.Localizer\Globe.Client.Platform\Converters\MessageTypeToColorConverter.cs = Globe.Client.Localizer\Globe.Client.Platform\Converters\MessageTypeToColorConverter.cs
		Globe.Identity.AdministrativeDashboard\MigrationUpdate.sql = Globe.Identity.AdministrativeDashboard\MigrationUpdate.sql
	EndProjectSection
EndProject
Project("{9A19103F-16F7-4668-BE54-9A1E7A4F7556}") = "Globe.Identity.AdministrativeDashboard.Server", "Globe.Identity.AdministrativeDashboard\Server\Globe.Identity.AdministrativeDashboard.Server.csproj", "{AD7E8380-E621-45E3-A18F-E4B74D57A361}"
EndProject
Project("{9A19103F-16F7-4668-BE54-9A1E7A4F7556}") = "Globe.Identity.AdministrativeDashboard.Client", "Globe.Identity.AdministrativeDashboard\Client\Globe.Identity.AdministrativeDashboard.Client.csproj", "{F4A2C9D8-E8E0-4EED-8A7B-C29F18A2AA60}"
EndProject
Project("{9A19103F-16F7-4668-BE54-9A1E7A4F7556}") = "Globe.Identity.AdministrativeDashboard.Shared", "Globe.Identity.AdministrativeDashboard\Shared\Globe.Identity.AdministrativeDashboard.Shared.csproj", "{A9F7F994-5D9A-4D50-B34D-D42CA641F188}"
EndProject
Project("{2150E333-8FDC-42A3-9474-1A3956D46DE8}") = "IdentityFramework", "IdentityFramework", "{FFEF197B-4C11-44F5-9D55-06E7E494EA5D}"
EndProject
Project("{9A19103F-16F7-4668-BE54-9A1E7A4F7556}") = "Globe.TranslationServer", "Globe.TranslationServer\Globe.TranslationServer.csproj", "{DC93EBA3-882C-4765-B39A-078540E84D2A}"
EndProject
Project("{9A19103F-16F7-4668-BE54-9A1E7A4F7556}") = "Globe.Identity.Tests", "Globe.Identity.Tests\Globe.Identity.Tests.csproj", "{4B9E7C77-0F28-45A1-BD44-4EC29226DA80}"
EndProject
Project("{9A19103F-16F7-4668-BE54-9A1E7A4F7556}") = "Globe.Identity.Server.Tests", "Globe.Identity.Server.Tests\Globe.Identity.Server.Tests.csproj", "{C350D545-0570-45A2-9040-67002DB539E2}"
EndProject
Project("{9A19103F-16F7-4668-BE54-9A1E7A4F7556}") = "Globe.Identity.MultiTenant", "Globe.Identity.MultiTenant\Globe.Identity.MultiTenant.csproj", "{60CCCE24-0DF9-4E82-A876-E86DC96C455B}"
EndProject
Project("{9A19103F-16F7-4668-BE54-9A1E7A4F7556}") = "Globe.Identity", "Globe.Identity\Globe.Identity.csproj", "{8EFB3975-7C87-41FC-A261-979F88EE8D5B}"
EndProject
Project("{9A19103F-16F7-4668-BE54-9A1E7A4F7556}") = "Globe.Identity.Server", "Globe.Identity.Server\Globe.Identity.Server.csproj", "{E1BABC46-3548-46AB-9B16-3B5D590C593D}"
EndProject
Project("{9A19103F-16F7-4668-BE54-9A1E7A4F7556}") = "Globe.Identity.Server.MultiTenant", "Globe.Identity.Server.MultiTenant\Globe.Identity.Server.MultiTenant.csproj", "{CEEDB7C5-7D5A-4F32-9DCD-636394A55CAC}"
EndProject
Project("{2150E333-8FDC-42A3-9474-1A3956D46DE8}") = "WPFLocalizer", "WPFLocalizer", "{E29ED10D-3AAE-4D3D-8A7F-698EBB939A7C}"
EndProject
Project("{9A19103F-16F7-4668-BE54-9A1E7A4F7556}") = "Globe.Client.Localizer", "Globe.Client.Localizer\Globe.Client.Localizer\Globe.Client.Localizer.csproj", "{B4F0CCF0-7E95-4978-9CE1-69B27B26658C}"
EndProject
Project("{9A19103F-16F7-4668-BE54-9A1E7A4F7556}") = "Globe.Client.Platform", "Globe.Client.Localizer\Globe.Client.Platform\Globe.Client.Platform.csproj", "{B5FE094C-1234-4FFE-B050-40A66028698C}"
EndProject
Project("{9A19103F-16F7-4668-BE54-9A1E7A4F7556}") = "Globe.Client.Platform.Assets", "Globe.Client.Localizer\Globe.Client.Platform.Assets\Globe.Client.Platform.Assets.csproj", "{FC19DE06-5EA2-4CFF-B0D4-FE46EFA67984}"
EndProject
Global
	GlobalSection(SolutionConfigurationPlatforms) = preSolution
		Debug|Any CPU = Debug|Any CPU
		Release|Any CPU = Release|Any CPU
	EndGlobalSection
	GlobalSection(ProjectConfigurationPlatforms) = postSolution
		{88D82659-C23D-45E0-919A-CC9EC1CE7C27}.Debug|Any CPU.ActiveCfg = Debug|Any CPU
		{88D82659-C23D-45E0-919A-CC9EC1CE7C27}.Debug|Any CPU.Build.0 = Debug|Any CPU
		{88D82659-C23D-45E0-919A-CC9EC1CE7C27}.Release|Any CPU.ActiveCfg = Release|Any CPU
		{88D82659-C23D-45E0-919A-CC9EC1CE7C27}.Release|Any CPU.Build.0 = Release|Any CPU
		{76CD467F-36CD-4CF5-BB06-62F9875BD0F4}.Debug|Any CPU.ActiveCfg = Debug|Any CPU
		{76CD467F-36CD-4CF5-BB06-62F9875BD0F4}.Debug|Any CPU.Build.0 = Debug|Any CPU
		{76CD467F-36CD-4CF5-BB06-62F9875BD0F4}.Release|Any CPU.ActiveCfg = Release|Any CPU
		{76CD467F-36CD-4CF5-BB06-62F9875BD0F4}.Release|Any CPU.Build.0 = Release|Any CPU
		{2B0DA146-6EA1-4F09-9CF3-60D44DBE8023}.Debug|Any CPU.ActiveCfg = Debug|Any CPU
		{2B0DA146-6EA1-4F09-9CF3-60D44DBE8023}.Debug|Any CPU.Build.0 = Debug|Any CPU
		{2B0DA146-6EA1-4F09-9CF3-60D44DBE8023}.Release|Any CPU.ActiveCfg = Release|Any CPU
		{2B0DA146-6EA1-4F09-9CF3-60D44DBE8023}.Release|Any CPU.Build.0 = Release|Any CPU
		{71A70C74-4C8E-40F3-B675-3B5F60FFF4E7}.Debug|Any CPU.ActiveCfg = Debug|Any CPU
		{71A70C74-4C8E-40F3-B675-3B5F60FFF4E7}.Debug|Any CPU.Build.0 = Debug|Any CPU
		{71A70C74-4C8E-40F3-B675-3B5F60FFF4E7}.Release|Any CPU.ActiveCfg = Release|Any CPU
		{71A70C74-4C8E-40F3-B675-3B5F60FFF4E7}.Release|Any CPU.Build.0 = Release|Any CPU
		{EB8EBF1A-D278-427C-9D95-C93FD60A748F}.Debug|Any CPU.ActiveCfg = Debug|Any CPU
		{EB8EBF1A-D278-427C-9D95-C93FD60A748F}.Debug|Any CPU.Build.0 = Debug|Any CPU
		{EB8EBF1A-D278-427C-9D95-C93FD60A748F}.Release|Any CPU.ActiveCfg = Release|Any CPU
		{EB8EBF1A-D278-427C-9D95-C93FD60A748F}.Release|Any CPU.Build.0 = Release|Any CPU
		{AD7E8380-E621-45E3-A18F-E4B74D57A361}.Debug|Any CPU.ActiveCfg = Debug|Any CPU
		{AD7E8380-E621-45E3-A18F-E4B74D57A361}.Debug|Any CPU.Build.0 = Debug|Any CPU
		{AD7E8380-E621-45E3-A18F-E4B74D57A361}.Release|Any CPU.ActiveCfg = Release|Any CPU
		{AD7E8380-E621-45E3-A18F-E4B74D57A361}.Release|Any CPU.Build.0 = Release|Any CPU
		{F4A2C9D8-E8E0-4EED-8A7B-C29F18A2AA60}.Debug|Any CPU.ActiveCfg = Debug|Any CPU
		{F4A2C9D8-E8E0-4EED-8A7B-C29F18A2AA60}.Debug|Any CPU.Build.0 = Debug|Any CPU
		{F4A2C9D8-E8E0-4EED-8A7B-C29F18A2AA60}.Release|Any CPU.ActiveCfg = Release|Any CPU
		{F4A2C9D8-E8E0-4EED-8A7B-C29F18A2AA60}.Release|Any CPU.Build.0 = Release|Any CPU
		{A9F7F994-5D9A-4D50-B34D-D42CA641F188}.Debug|Any CPU.ActiveCfg = Debug|Any CPU
		{A9F7F994-5D9A-4D50-B34D-D42CA641F188}.Debug|Any CPU.Build.0 = Debug|Any CPU
		{A9F7F994-5D9A-4D50-B34D-D42CA641F188}.Release|Any CPU.ActiveCfg = Release|Any CPU
		{A9F7F994-5D9A-4D50-B34D-D42CA641F188}.Release|Any CPU.Build.0 = Release|Any CPU
		{DC93EBA3-882C-4765-B39A-078540E84D2A}.Debug|Any CPU.ActiveCfg = Debug|Any CPU
		{DC93EBA3-882C-4765-B39A-078540E84D2A}.Debug|Any CPU.Build.0 = Debug|Any CPU
		{DC93EBA3-882C-4765-B39A-078540E84D2A}.Release|Any CPU.ActiveCfg = Release|Any CPU
		{DC93EBA3-882C-4765-B39A-078540E84D2A}.Release|Any CPU.Build.0 = Release|Any CPU
		{4B9E7C77-0F28-45A1-BD44-4EC29226DA80}.Debug|Any CPU.ActiveCfg = Debug|Any CPU
		{4B9E7C77-0F28-45A1-BD44-4EC29226DA80}.Debug|Any CPU.Build.0 = Debug|Any CPU
		{4B9E7C77-0F28-45A1-BD44-4EC29226DA80}.Release|Any CPU.ActiveCfg = Release|Any CPU
		{4B9E7C77-0F28-45A1-BD44-4EC29226DA80}.Release|Any CPU.Build.0 = Release|Any CPU
		{C350D545-0570-45A2-9040-67002DB539E2}.Debug|Any CPU.ActiveCfg = Debug|Any CPU
		{C350D545-0570-45A2-9040-67002DB539E2}.Debug|Any CPU.Build.0 = Debug|Any CPU
		{C350D545-0570-45A2-9040-67002DB539E2}.Release|Any CPU.ActiveCfg = Release|Any CPU
		{C350D545-0570-45A2-9040-67002DB539E2}.Release|Any CPU.Build.0 = Release|Any CPU
		{60CCCE24-0DF9-4E82-A876-E86DC96C455B}.Debug|Any CPU.ActiveCfg = Debug|Any CPU
		{60CCCE24-0DF9-4E82-A876-E86DC96C455B}.Debug|Any CPU.Build.0 = Debug|Any CPU
		{60CCCE24-0DF9-4E82-A876-E86DC96C455B}.Release|Any CPU.ActiveCfg = Release|Any CPU
		{60CCCE24-0DF9-4E82-A876-E86DC96C455B}.Release|Any CPU.Build.0 = Release|Any CPU
		{8EFB3975-7C87-41FC-A261-979F88EE8D5B}.Debug|Any CPU.ActiveCfg = Debug|Any CPU
		{8EFB3975-7C87-41FC-A261-979F88EE8D5B}.Debug|Any CPU.Build.0 = Debug|Any CPU
		{8EFB3975-7C87-41FC-A261-979F88EE8D5B}.Release|Any CPU.ActiveCfg = Release|Any CPU
		{8EFB3975-7C87-41FC-A261-979F88EE8D5B}.Release|Any CPU.Build.0 = Release|Any CPU
		{E1BABC46-3548-46AB-9B16-3B5D590C593D}.Debug|Any CPU.ActiveCfg = Debug|Any CPU
		{E1BABC46-3548-46AB-9B16-3B5D590C593D}.Debug|Any CPU.Build.0 = Debug|Any CPU
		{E1BABC46-3548-46AB-9B16-3B5D590C593D}.Release|Any CPU.ActiveCfg = Release|Any CPU
		{E1BABC46-3548-46AB-9B16-3B5D590C593D}.Release|Any CPU.Build.0 = Release|Any CPU
		{CEEDB7C5-7D5A-4F32-9DCD-636394A55CAC}.Debug|Any CPU.ActiveCfg = Debug|Any CPU
		{CEEDB7C5-7D5A-4F32-9DCD-636394A55CAC}.Debug|Any CPU.Build.0 = Debug|Any CPU
		{CEEDB7C5-7D5A-4F32-9DCD-636394A55CAC}.Release|Any CPU.ActiveCfg = Release|Any CPU
		{CEEDB7C5-7D5A-4F32-9DCD-636394A55CAC}.Release|Any CPU.Build.0 = Release|Any CPU
		{B4F0CCF0-7E95-4978-9CE1-69B27B26658C}.Debug|Any CPU.ActiveCfg = Debug|Any CPU
		{B4F0CCF0-7E95-4978-9CE1-69B27B26658C}.Debug|Any CPU.Build.0 = Debug|Any CPU
		{B4F0CCF0-7E95-4978-9CE1-69B27B26658C}.Release|Any CPU.ActiveCfg = Release|Any CPU
		{B4F0CCF0-7E95-4978-9CE1-69B27B26658C}.Release|Any CPU.Build.0 = Release|Any CPU
		{B5FE094C-1234-4FFE-B050-40A66028698C}.Debug|Any CPU.ActiveCfg = Debug|Any CPU
		{B5FE094C-1234-4FFE-B050-40A66028698C}.Debug|Any CPU.Build.0 = Debug|Any CPU
		{B5FE094C-1234-4FFE-B050-40A66028698C}.Release|Any CPU.ActiveCfg = Release|Any CPU
		{B5FE094C-1234-4FFE-B050-40A66028698C}.Release|Any CPU.Build.0 = Release|Any CPU
		{FC19DE06-5EA2-4CFF-B0D4-FE46EFA67984}.Debug|Any CPU.ActiveCfg = Debug|Any CPU
		{FC19DE06-5EA2-4CFF-B0D4-FE46EFA67984}.Debug|Any CPU.Build.0 = Debug|Any CPU
		{FC19DE06-5EA2-4CFF-B0D4-FE46EFA67984}.Release|Any CPU.ActiveCfg = Release|Any CPU
		{FC19DE06-5EA2-4CFF-B0D4-FE46EFA67984}.Release|Any CPU.Build.0 = Release|Any CPU
	EndGlobalSection
	GlobalSection(SolutionProperties) = preSolution
		HideSolutionNode = FALSE
	EndGlobalSection
	GlobalSection(NestedProjects) = preSolution
		{2B0DA146-6EA1-4F09-9CF3-60D44DBE8023} = {C6EEB1EE-9093-4AAC-AF2A-80E1777580AE}
		{C6EEB1EE-9093-4AAC-AF2A-80E1777580AE} = {FFEF197B-4C11-44F5-9D55-06E7E494EA5D}
		{EB8EBF1A-D278-427C-9D95-C93FD60A748F} = {C6EEB1EE-9093-4AAC-AF2A-80E1777580AE}
		{AD7E8380-E621-45E3-A18F-E4B74D57A361} = {D9403D38-EC53-4B3C-A16E-821367E232CD}
		{F4A2C9D8-E8E0-4EED-8A7B-C29F18A2AA60} = {D9403D38-EC53-4B3C-A16E-821367E232CD}
		{A9F7F994-5D9A-4D50-B34D-D42CA641F188} = {D9403D38-EC53-4B3C-A16E-821367E232CD}
		{4B9E7C77-0F28-45A1-BD44-4EC29226DA80} = {C6EEB1EE-9093-4AAC-AF2A-80E1777580AE}
		{C350D545-0570-45A2-9040-67002DB539E2} = {C6EEB1EE-9093-4AAC-AF2A-80E1777580AE}
		{60CCCE24-0DF9-4E82-A876-E86DC96C455B} = {FFEF197B-4C11-44F5-9D55-06E7E494EA5D}
		{8EFB3975-7C87-41FC-A261-979F88EE8D5B} = {FFEF197B-4C11-44F5-9D55-06E7E494EA5D}
		{E1BABC46-3548-46AB-9B16-3B5D590C593D} = {FFEF197B-4C11-44F5-9D55-06E7E494EA5D}
		{CEEDB7C5-7D5A-4F32-9DCD-636394A55CAC} = {FFEF197B-4C11-44F5-9D55-06E7E494EA5D}
		{B4F0CCF0-7E95-4978-9CE1-69B27B26658C} = {E29ED10D-3AAE-4D3D-8A7F-698EBB939A7C}
		{B5FE094C-1234-4FFE-B050-40A66028698C} = {E29ED10D-3AAE-4D3D-8A7F-698EBB939A7C}
		{FC19DE06-5EA2-4CFF-B0D4-FE46EFA67984} = {E29ED10D-3AAE-4D3D-8A7F-698EBB939A7C}
	EndGlobalSection
	GlobalSection(ExtensibilityGlobals) = postSolution
		SolutionGuid = {F8083369-507C-478C-96FA-943821113215}
	EndGlobalSection
EndGlobal
